
Microsoft Visual Studio Solution File, Format Version 12.00
# Visual Studio Version 17
VisualStudioVersion = 17.4.33213.308
MinimumVisualStudioVersion = 10.0.40219.1
Project("{9A19103F-16F7-4668-BE54-9A1E7A4F7556}") = "SWIPCA-UNI-API", "SWIPCA-UNI-API\SWIPCA-UNI-API.csproj", "{571990A8-E8DF-41DC-BA5B-4BB12EAC1CDF}"
EndProject
Global
	GlobalSection(SolutionConfigurationPlatforms) = preSolution
		Debug|Any CPU = Debug|Any CPU
		Release|Any CPU = Release|Any CPU
	EndGlobalSection
	GlobalSection(ProjectConfigurationPlatforms) = postSolution
		{571990A8-E8DF-41DC-BA5B-4BB12EAC1CDF}.Debug|Any CPU.ActiveCfg = Debug|Any CPU
		{571990A8-E8DF-41DC-BA5B-4BB12EAC1CDF}.Debug|Any CPU.Build.0 = Debug|Any CPU
		{571990A8-E8DF-41DC-BA5B-4BB12EAC1CDF}.Release|Any CPU.ActiveCfg = Release|Any CPU
		{571990A8-E8DF-41DC-BA5B-4BB12EAC1CDF}.Release|Any CPU.Build.0 = Release|Any CPU
	EndGlobalSection
	GlobalSection(SolutionProperties) = preSolution
		HideSolutionNode = FALSE
	EndGlobalSection
	GlobalSection(ExtensibilityGlobals) = postSolution
		SolutionGuid = {D43F7AD9-CE11-490B-BC45-DC55E21DE2C8}
	EndGlobalSection
EndGlobal
